
Microsoft Visual Studio Solution File, Format Version 12.00
# Visual Studio Version 17
VisualStudioVersion = 17.9.34902.65
MinimumVisualStudioVersion = 10.0.40219.1
Project("{9A19103F-16F7-4668-BE54-9A1E7A4F7556}") = "Cities.Core", "Cities.Core\Cities.Core.csproj", "{432C5BA1-7D3B-464B-9414-5CF18DAFF44C}"
EndProject
Project("{FAE04EC0-301F-11D3-BF4B-00C04F79EFBC}") = "Cities.Repository", "Cities.Repository\Cities.Repository.csproj", "{0E747E76-F385-4153-AAA2-E2A07022F733}"
EndProject
Project("{FAE04EC0-301F-11D3-BF4B-00C04F79EFBC}") = "Cities.Service", "Cities.Service\Cities.Service.csproj", "{6E8B3762-CC56-4AE1-A271-010A534F8AD6}"
EndProject
Project("{FAE04EC0-301F-11D3-BF4B-00C04F79EFBC}") = "Cities.API", "Cities.API\Cities.API.csproj", "{8F8D0DF1-841E-4F38-BF15-02F143251B9C}"
EndProject
Global
	GlobalSection(SolutionConfigurationPlatforms) = preSolution
		Debug|Any CPU = Debug|Any CPU
		Release|Any CPU = Release|Any CPU
	EndGlobalSection
	GlobalSection(ProjectConfigurationPlatforms) = postSolution
		{432C5BA1-7D3B-464B-9414-5CF18DAFF44C}.Debug|Any CPU.ActiveCfg = Debug|Any CPU
		{432C5BA1-7D3B-464B-9414-5CF18DAFF44C}.Debug|Any CPU.Build.0 = Debug|Any CPU
		{432C5BA1-7D3B-464B-9414-5CF18DAFF44C}.Release|Any CPU.ActiveCfg = Release|Any CPU
		{432C5BA1-7D3B-464B-9414-5CF18DAFF44C}.Release|Any CPU.Build.0 = Release|Any CPU
		{0E747E76-F385-4153-AAA2-E2A07022F733}.Debug|Any CPU.ActiveCfg = Debug|Any CPU
		{0E747E76-F385-4153-AAA2-E2A07022F733}.Debug|Any CPU.Build.0 = Debug|Any CPU
		{0E747E76-F385-4153-AAA2-E2A07022F733}.Release|Any CPU.ActiveCfg = Release|Any CPU
		{0E747E76-F385-4153-AAA2-E2A07022F733}.Release|Any CPU.Build.0 = Release|Any CPU
		{6E8B3762-CC56-4AE1-A271-010A534F8AD6}.Debug|Any CPU.ActiveCfg = Debug|Any CPU
		{6E8B3762-CC56-4AE1-A271-010A534F8AD6}.Debug|Any CPU.Build.0 = Debug|Any CPU
		{6E8B3762-CC56-4AE1-A271-010A534F8AD6}.Release|Any CPU.ActiveCfg = Release|Any CPU
		{6E8B3762-CC56-4AE1-A271-010A534F8AD6}.Release|Any CPU.Build.0 = Release|Any CPU
		{8F8D0DF1-841E-4F38-BF15-02F143251B9C}.Debug|Any CPU.ActiveCfg = Debug|Any CPU
		{8F8D0DF1-841E-4F38-BF15-02F143251B9C}.Debug|Any CPU.Build.0 = Debug|Any CPU
		{8F8D0DF1-841E-4F38-BF15-02F143251B9C}.Release|Any CPU.ActiveCfg = Release|Any CPU
		{8F8D0DF1-841E-4F38-BF15-02F143251B9C}.Release|Any CPU.Build.0 = Release|Any CPU
	EndGlobalSection
	GlobalSection(SolutionProperties) = preSolution
		HideSolutionNode = FALSE
	EndGlobalSection
	GlobalSection(ExtensibilityGlobals) = postSolution
		SolutionGuid = {3A2526D7-47CA-4487-AFC4-C47EF19BA66A}
	EndGlobalSection
EndGlobal
